
Microsoft Visual Studio Solution File, Format Version 12.00
# Visual Studio Version 16
VisualStudioVersion = 16.0.29509.3
MinimumVisualStudioVersion = 10.0.40219.1
Project("{9A19103F-16F7-4668-BE54-9A1E7A4F7556}") = "AppStartBlazor", "AppStartBlazor\AppStartBlazor.csproj", "{211FF451-ADFD-4C7B-981D-5A5078CC61C9}"
EndProject
Project("{9A19103F-16F7-4668-BE54-9A1E7A4F7556}") = "AppStartBlazor.Domain", "AppStartBlazor.Domain\AppStartBlazor.Domain.csproj", "{C2FB8C79-6914-4719-B0DC-E376E4591DEF}"
EndProject
Project("{9A19103F-16F7-4668-BE54-9A1E7A4F7556}") = "AppStartBlazor.Api", "AppStartBlazor.Api\AppStartBlazor.Api.csproj", "{EFACF225-525E-485E-A256-9647CC07B913}"
EndProject
Project("{FAE04EC0-301F-11D3-BF4B-00C04F79EFBC}") = "AppStartBlazor.ClientApp", "AppStartBlazor.ClientApp\AppStartBlazor.ClientApp.csproj", "{8A6AE49C-CCB2-44B0-8FB0-922D2EEB4499}"
EndProject
Global
	GlobalSection(SolutionConfigurationPlatforms) = preSolution
		Debug|Any CPU = Debug|Any CPU
		Release|Any CPU = Release|Any CPU
	EndGlobalSection
	GlobalSection(ProjectConfigurationPlatforms) = postSolution
		{211FF451-ADFD-4C7B-981D-5A5078CC61C9}.Debug|Any CPU.ActiveCfg = Debug|Any CPU
		{211FF451-ADFD-4C7B-981D-5A5078CC61C9}.Debug|Any CPU.Build.0 = Debug|Any CPU
		{211FF451-ADFD-4C7B-981D-5A5078CC61C9}.Release|Any CPU.ActiveCfg = Release|Any CPU
		{211FF451-ADFD-4C7B-981D-5A5078CC61C9}.Release|Any CPU.Build.0 = Release|Any CPU
		{C2FB8C79-6914-4719-B0DC-E376E4591DEF}.Debug|Any CPU.ActiveCfg = Debug|Any CPU
		{C2FB8C79-6914-4719-B0DC-E376E4591DEF}.Debug|Any CPU.Build.0 = Debug|Any CPU
		{C2FB8C79-6914-4719-B0DC-E376E4591DEF}.Release|Any CPU.ActiveCfg = Release|Any CPU
		{C2FB8C79-6914-4719-B0DC-E376E4591DEF}.Release|Any CPU.Build.0 = Release|Any CPU
		{EFACF225-525E-485E-A256-9647CC07B913}.Debug|Any CPU.ActiveCfg = Debug|Any CPU
		{EFACF225-525E-485E-A256-9647CC07B913}.Debug|Any CPU.Build.0 = Debug|Any CPU
		{EFACF225-525E-485E-A256-9647CC07B913}.Release|Any CPU.ActiveCfg = Release|Any CPU
		{EFACF225-525E-485E-A256-9647CC07B913}.Release|Any CPU.Build.0 = Release|Any CPU
		{8A6AE49C-CCB2-44B0-8FB0-922D2EEB4499}.Debug|Any CPU.ActiveCfg = Debug|Any CPU
		{8A6AE49C-CCB2-44B0-8FB0-922D2EEB4499}.Debug|Any CPU.Build.0 = Debug|Any CPU
		{8A6AE49C-CCB2-44B0-8FB0-922D2EEB4499}.Release|Any CPU.ActiveCfg = Release|Any CPU
		{8A6AE49C-CCB2-44B0-8FB0-922D2EEB4499}.Release|Any CPU.Build.0 = Release|Any CPU
	EndGlobalSection
	GlobalSection(SolutionProperties) = preSolution
		HideSolutionNode = FALSE
	EndGlobalSection
	GlobalSection(ExtensibilityGlobals) = postSolution
		SolutionGuid = {6CE01C5E-B7D9-4F85-93B8-1BE0E8432F53}
	EndGlobalSection
EndGlobal
